Microsoft Visual Studio Solution File, Format Version 12.00
# Visual Studio 2012
Project("{8A4D642E-824A-4D58-BD56-648CC30C8F17}") = "HelpDeskVB", "HelpDeskVB\HelpDeskVB.ls3proj", "{C98F466F-0796-404C-9B0C-50D11DCB5596}"
EndProject
Global
	GlobalSection(SolutionConfigurationPlatforms) = preSolution
		Debug|Any CPU = Debug|Any CPU
		Release|Any CPU = Release|Any CPU
	EndGlobalSection
	GlobalSection(ProjectConfigurationPlatforms) = postSolution
		{C98F466F-0796-404C-9B0C-50D11DCB5596}.Debug|Any CPU.ActiveCfg = Debug|Any CPU
		{C98F466F-0796-404C-9B0C-50D11DCB5596}.Debug|Any CPU.Build.0 = Debug|Any CPU
		{C98F466F-0796-404C-9B0C-50D11DCB5596}.Release|Any CPU.ActiveCfg = Release|Any CPU
		{C98F466F-0796-404C-9B0C-50D11DCB5596}.Release|Any CPU.Build.0 = Release|Any CPU
		{7441BCE4-15B0-498D-BF0F-5C7531EB2A79}.Debug|Any CPU.ActiveCfg = Debug|Any CPU
		{7441BCE4-15B0-498D-BF0F-5C7531EB2A79}.Debug|Any CPU.Build.0 = Debug|Any CPU
		{7441BCE4-15B0-498D-BF0F-5C7531EB2A79}.Release|Any CPU.ActiveCfg = Release|Any CPU
		{7441BCE4-15B0-498D-BF0F-5C7531EB2A79}.Release|Any CPU.Build.0 = Release|Any CPU
		{A3D7F7AF-1639-4660-9BCE-AA9EF30251B1}.Debug|Any CPU.ActiveCfg = Debug|Any CPU
		{A3D7F7AF-1639-4660-9BCE-AA9EF30251B1}.Debug|Any CPU.Build.0 = Debug|Any CPU
		{A3D7F7AF-1639-4660-9BCE-AA9EF30251B1}.Release|Any CPU.ActiveCfg = Release|Any CPU
		{A3D7F7AF-1639-4660-9BCE-AA9EF30251B1}.Release|Any CPU.Build.0 = Release|Any CPU
	EndGlobalSection
	GlobalSection(SolutionProperties) = preSolution
		HideSolutionNode = FALSE
	EndGlobalSection
EndGlobal
