
Microsoft Visual Studio Solution File, Format Version 12.00
# Visual Studio 2012
Project("{FAE04EC0-301F-11D3-BF4B-00C04F79EFBC}") = "ApressControlsCS", "ApressControlsCS\ApressControlsCS.csproj", "{01C9A978-C57C-4144-9DB8-4A2C911E1908}"
EndProject
Global
	GlobalSection(SolutionConfigurationPlatforms) = preSolution
		Debug|Any CPU = Debug|Any CPU
		Release|Any CPU = Release|Any CPU
	EndGlobalSection
	GlobalSection(ProjectConfigurationPlatforms) = postSolution
		{01C9A978-C57C-4144-9DB8-4A2C911E1908}.Debug|Any CPU.ActiveCfg = Debug|Any CPU
		{01C9A978-C57C-4144-9DB8-4A2C911E1908}.Debug|Any CPU.Build.0 = Debug|Any CPU
		{01C9A978-C57C-4144-9DB8-4A2C911E1908}.Release|Any CPU.ActiveCfg = Release|Any CPU
		{01C9A978-C57C-4144-9DB8-4A2C911E1908}.Release|Any CPU.Build.0 = Release|Any CPU
	EndGlobalSection
	GlobalSection(SolutionProperties) = preSolution
		HideSolutionNode = FALSE
	EndGlobalSection
EndGlobal
