
Microsoft Visual Studio Solution File, Format Version 12.00
# Visual Studio 2012
Project("{ECD6D718-D1CF-4119-97F3-97C25A0DFBF9}") = "HelpDeskCS", "HelpDeskCS\HelpDeskCS.lsproj", "{3D158C96-DB5B-4B82-9EC5-653CFD4993A5}"
EndProject
Project("{FAE04EC0-301F-11D3-BF4B-00C04F79EFBC}") = "ApressControlsCS", "ApressControlsCS\ApressControlsCS.csproj", "{01C9A978-C57C-4144-9DB8-4A2C911E1908}"
EndProject
Global
	GlobalSection(SolutionConfigurationPlatforms) = preSolution
		Debug|Any CPU = Debug|Any CPU
		Release|Any CPU = Release|Any CPU
	EndGlobalSection
	GlobalSection(ProjectConfigurationPlatforms) = postSolution
		{3D158C96-DB5B-4B82-9EC5-653CFD4993A5}.Debug|Any CPU.ActiveCfg = Debug|Any CPU
		{3D158C96-DB5B-4B82-9EC5-653CFD4993A5}.Debug|Any CPU.Build.0 = Debug|Any CPU
		{3D158C96-DB5B-4B82-9EC5-653CFD4993A5}.Release|Any CPU.ActiveCfg = Release|Any CPU
		{3D158C96-DB5B-4B82-9EC5-653CFD4993A5}.Release|Any CPU.Build.0 = Release|Any CPU
		{EDC504C5-4AED-4211-809C-A989A0D2DACC}.Debug|Any CPU.ActiveCfg = Debug|Any CPU
		{EDC504C5-4AED-4211-809C-A989A0D2DACC}.Debug|Any CPU.Build.0 = Debug|Any CPU
		{EDC504C5-4AED-4211-809C-A989A0D2DACC}.Release|Any CPU.ActiveCfg = Release|Any CPU
		{EDC504C5-4AED-4211-809C-A989A0D2DACC}.Release|Any CPU.Build.0 = Release|Any CPU
		{434AEB6A-8EA6-40A3-81A1-968BA9D176BE}.Debug|Any CPU.ActiveCfg = Debug|Any CPU
		{434AEB6A-8EA6-40A3-81A1-968BA9D176BE}.Debug|Any CPU.Build.0 = Debug|Any CPU
		{434AEB6A-8EA6-40A3-81A1-968BA9D176BE}.Release|Any CPU.ActiveCfg = Release|Any CPU
		{434AEB6A-8EA6-40A3-81A1-968BA9D176BE}.Release|Any CPU.Build.0 = Release|Any CPU
		{74B6784E-0D26-4803-948E-B86D1D539089}.Debug|Any CPU.ActiveCfg = Debug|Any CPU
		{74B6784E-0D26-4803-948E-B86D1D539089}.Debug|Any CPU.Build.0 = Debug|Any CPU
		{74B6784E-0D26-4803-948E-B86D1D539089}.Release|Any CPU.ActiveCfg = Release|Any CPU
		{74B6784E-0D26-4803-948E-B86D1D539089}.Release|Any CPU.Build.0 = Release|Any CPU
		{01C9A978-C57C-4144-9DB8-4A2C911E1908}.Debug|Any CPU.ActiveCfg = Debug|Any CPU
		{01C9A978-C57C-4144-9DB8-4A2C911E1908}.Debug|Any CPU.Build.0 = Debug|Any CPU
		{01C9A978-C57C-4144-9DB8-4A2C911E1908}.Release|Any CPU.ActiveCfg = Release|Any CPU
		{01C9A978-C57C-4144-9DB8-4A2C911E1908}.Release|Any CPU.Build.0 = Release|Any CPU
	EndGlobalSection
	GlobalSection(SolutionProperties) = preSolution
		HideSolutionNode = FALSE
	EndGlobalSection
EndGlobal
